
Microsoft Visual Studio Solution File, Format Version 12.00
# Visual Studio Version 17
VisualStudioVersion = 17.11.35303.130
MinimumVisualStudioVersion = 10.0.40219.1
Project("{FAE04EC0-301F-11D3-BF4B-00C04F79EFBC}") = "AutoTester", "AutoTester\AutoTester.csproj", "{1D6F2D21-4DF5-4510-A019-B913204DF1F9}"
EndProject
Global
	GlobalSection(SolutionConfigurationPlatforms) = preSolution
		Debug|Any CPU = Debug|Any CPU
		Release|Any CPU = Release|Any CPU
	EndGlobalSection
	GlobalSection(ProjectConfigurationPlatforms) = postSolution
		{1D6F2D21-4DF5-4510-A019-B913204DF1F9}.Debug|Any CPU.ActiveCfg = Debug|Any CPU
		{1D6F2D21-4DF5-4510-A019-B913204DF1F9}.Debug|Any CPU.Build.0 = Debug|Any CPU
		{1D6F2D21-4DF5-4510-A019-B913204DF1F9}.Release|Any CPU.ActiveCfg = Release|Any CPU
		{1D6F2D21-4DF5-4510-A019-B913204DF1F9}.Release|Any CPU.Build.0 = Release|Any CPU
	EndGlobalSection
	GlobalSection(SolutionProperties) = preSolution
		HideSolutionNode = FALSE
	EndGlobalSection
	GlobalSection(ExtensibilityGlobals) = postSolution
		SolutionGuid = {14127CE5-5168-4282-85E0-D02F45FF30E0}
	EndGlobalSection
EndGlobal
